// !$*UTF8*$!
{
	archiveVersion = 1;
	classes = {
	};
	objectVersion = 56;
	objects = {

/* Begin PBXBuildFile section */
		5D53169B2A14039000545036 /* UnsplashImageappApp.swift in Sources */ = {isa = PBXBuildFile; fileRef = 5D53169A2A14039000545036 /* UnsplashImageappApp.swift */; };
		5D53169D2A14039000545036 /* HomeView.swift in Sources */ = {isa = PBXBuildFile; fileRef = 5D53169C2A14039000545036 /* HomeView.swift */; };
		5D53169F2A14039200545036 /* Assets.xcassets in Resources */ = {isa = PBXBuildFile; fileRef = 5D53169E2A14039200545036 /* Assets.xcassets */; };
		5D5316A22A14039200545036 /* Preview Assets.xcassets in Resources */ = {isa = PBXBuildFile; fileRef = 5D5316A12A14039200545036 /* Preview Assets.xcassets */; };
		5D5316AC2A14039200545036 /* UnsplashImageappTests.swift in Sources */ = {isa = PBXBuildFile; fileRef = 5D5316AB2A14039200545036 /* UnsplashImageappTests.swift */; };
		5D5316B62A14039200545036 /* UnsplashImageappUITests.swift in Sources */ = {isa = PBXBuildFile; fileRef = 5D5316B52A14039200545036 /* UnsplashImageappUITests.swift */; };
		5D5316B82A14039200545036 /* UnsplashImageappUITestsLaunchTests.swift in Sources */ = {isa = PBXBuildFile; fileRef = 5D5316B72A14039200545036 /* UnsplashImageappUITestsLaunchTests.swift */; };
		5D5316C82A14060300545036 /* TopicModel.swift in Sources */ = {isa = PBXBuildFile; fileRef = 5D5316C72A14060300545036 /* TopicModel.swift */; };
		5D5316CA2A14072800545036 /* TopicView.swift in Sources */ = {isa = PBXBuildFile; fileRef = 5D5316C92A14072800545036 /* TopicView.swift */; };
		5D5316CD2A14074400545036 /* TopicViewModel.swift in Sources */ = {isa = PBXBuildFile; fileRef = 5D5316CC2A14074400545036 /* TopicViewModel.swift */; };
		5D5316D02A1407B300545036 /* ApiManager.swift in Sources */ = {isa = PBXBuildFile; fileRef = 5D5316CF2A1407B300545036 /* ApiManager.swift */; };
		5D5316D22A140A8C00545036 /* EndPoint.swift in Sources */ = {isa = PBXBuildFile; fileRef = 5D5316D12A140A8C00545036 /* EndPoint.swift */; };
		5D5316D42A140B6A00545036 /* APIKey.swift in Sources */ = {isa = PBXBuildFile; fileRef = 5D5316D32A140B6A00545036 /* APIKey.swift */; };
		5D5316D62A140D9300545036 /* APIError.swift in Sources */ = {isa = PBXBuildFile; fileRef = 5D5316D52A140D9300545036 /* APIError.swift */; };
		5D5316DA2A141BBF00545036 /* TopicGridItemView.swift in Sources */ = {isa = PBXBuildFile; fileRef = 5D5316D92A141BBF00545036 /* TopicGridItemView.swift */; };
		5D5316DC2A14C23900545036 /* Photo.swift in Sources */ = {isa = PBXBuildFile; fileRef = 5D5316DB2A14C23900545036 /* Photo.swift */; };
		5D5316DE2A14C74500545036 /* PhotoViewModel.swift in Sources */ = {isa = PBXBuildFile; fileRef = 5D5316DD2A14C74500545036 /* PhotoViewModel.swift */; };
		5D5316E22A14CE2F00545036 /* PhotosView.swift in Sources */ = {isa = PBXBuildFile; fileRef = 5D5316E12A14CE2F00545036 /* PhotosView.swift */; };
		5D5316E42A15178700545036 /* StaggeredPhotosView.swift in Sources */ = {isa = PBXBuildFile; fileRef = 5D5316E32A15178700545036 /* StaggeredPhotosView.swift */; };
		5D5316E62A151BF300545036 /* PhotoTile.swift in Sources */ = {isa = PBXBuildFile; fileRef = 5D5316E52A151BF300545036 /* PhotoTile.swift */; };
		5D5316EA2A1AC5C500545036 /* SearchPhotoView.swift in Sources */ = {isa = PBXBuildFile; fileRef = 5D5316E92A1AC5C500545036 /* SearchPhotoView.swift */; };
		5D5316ED2A1ACA2100545036 /* SearchPhotoViewModel.swift in Sources */ = {isa = PBXBuildFile; fileRef = 5D5316EC2A1ACA2100545036 /* SearchPhotoViewModel.swift */; };
		5D5316F02A1AD46E00545036 /* SearchPhotoModel.swift in Sources */ = {isa = PBXBuildFile; fileRef = 5D5316EF2A1AD46E00545036 /* SearchPhotoModel.swift */; };
		5D5316F42A1B64A800545036 /* PhotoDetailView.swift in Sources */ = {isa = PBXBuildFile; fileRef = 5D5316F32A1B64A800545036 /* PhotoDetailView.swift */; };
		5D5316F72A1B64C100545036 /* PhotoDetailViewModel.swift in Sources */ = {isa = PBXBuildFile; fileRef = 5D5316F62A1B64C100545036 /* PhotoDetailViewModel.swift */; };
		5D5316FA2A1B698700545036 /* BounceButton+ViewModifier.swift in Sources */ = {isa = PBXBuildFile; fileRef = 5D5316F92A1B698700545036 /* BounceButton+ViewModifier.swift */; };
		5D5316FC2A1B6C4400545036 /* LoadingView.swift in Sources */ = {isa = PBXBuildFile; fileRef = 5D5316FB2A1B6C4400545036 /* LoadingView.swift */; };
		5D5316FE2A1BB25900545036 /* ErrorImageView.swift in Sources */ = {isa = PBXBuildFile; fileRef = 5D5316FD2A1BB25900545036 /* ErrorImageView.swift */; };
		5D5317032A1BEB6B00545036 /* ImageSaverInAlbum.swift in Sources */ = {isa = PBXBuildFile; fileRef = 5D5317022A1BEB6B00545036 /* ImageSaverInAlbum.swift */; };
		5D5317052A1C018E00545036 /* JSONLoader.swift in Sources */ = {isa = PBXBuildFile; fileRef = 5D5317042A1C018E00545036 /* JSONLoader.swift */; };
		5D5317072A1C01E100545036 /* dummy.json in Resources */ = {isa = PBXBuildFile; fileRef = 5D5317062A1C01E100545036 /* dummy.json */; };
/* End PBXBuildFile section */

/* Begin PBXContainerItemProxy section */
		5D5316A82A14039200545036 /* PBXContainerItemProxy */ = {
			isa = PBXContainerItemProxy;
			containerPortal = 5D53168F2A14039000545036 /* Project object */;
			proxyType = 1;
			remoteGlobalIDString = 5D5316962A14039000545036;
			remoteInfo = UnsplashImageapp;
		};
		5D5316B22A14039200545036 /* PBXContainerItemProxy */ = {
			isa = PBXContainerItemProxy;
			containerPortal = 5D53168F2A14039000545036 /* Project object */;
			proxyType = 1;
			remoteGlobalIDString = 5D5316962A14039000545036;
			remoteInfo = UnsplashImageapp;
		};
/* End PBXContainerItemProxy section */

/* Begin PBXFileReference section */
		5D5316972A14039000545036 /* UnsplashImageapp.app */ = {isa = PBXFileReference; explicitFileType = wrapper.application; includeInIndex = 0; path = UnsplashImageapp.app; sourceTree = BUILT_PRODUCTS_DIR; };
		5D53169A2A14039000545036 /* UnsplashImageappApp.swift */ = {isa = PBXFileReference; lastKnownFileType = sourcecode.swift; path = UnsplashImageappApp.swift; sourceTree = "<group>"; };
		5D53169C2A14039000545036 /* HomeView.swift */ = {isa = PBXFileReference; lastKnownFileType = sourcecode.swift; path = HomeView.swift; sourceTree = "<group>"; };
		5D53169E2A14039200545036 /* Assets.xcassets */ = {isa = PBXFileReference; lastKnownFileType = folder.assetcatalog; path = Assets.xcassets; sourceTree = "<group>"; };
		5D5316A12A14039200545036 /* Preview Assets.xcassets */ = {isa = PBXFileReference; lastKnownFileType = folder.assetcatalog; path = "Preview Assets.xcassets"; sourceTree = "<group>"; };
		5D5316A72A14039200545036 /* UnsplashImageappTests.xctest */ = {isa = PBXFileReference; explicitFileType = wrapper.cfbundle; includeInIndex = 0; path = UnsplashImageappTests.xctest; sourceTree = BUILT_PRODUCTS_DIR; };
		5D5316AB2A14039200545036 /* UnsplashImageappTests.swift */ = {isa = PBXFileReference; lastKnownFileType = sourcecode.swift; path = UnsplashImageappTests.swift; sourceTree = "<group>"; };
		5D5316B12A14039200545036 /* UnsplashImageappUITests.xctest */ = {isa = PBXFileReference; explicitFileType = wrapper.cfbundle; includeInIndex = 0; path = UnsplashImageappUITests.xctest; sourceTree = BUILT_PRODUCTS_DIR; };
		5D5316B52A14039200545036 /* UnsplashImageappUITests.swift */ = {isa = PBXFileReference; lastKnownFileType = sourcecode.swift; path = UnsplashImageappUITests.swift; sourceTree = "<group>"; };
		5D5316B72A14039200545036 /* UnsplashImageappUITestsLaunchTests.swift */ = {isa = PBXFileReference; lastKnownFileType = sourcecode.swift; path = UnsplashImageappUITestsLaunchTests.swift; sourceTree = "<group>"; };
		5D5316C72A14060300545036 /* TopicModel.swift */ = {isa = PBXFileReference; lastKnownFileType = sourcecode.swift; path = TopicModel.swift; sourceTree = "<group>"; };
		5D5316C92A14072800545036 /* TopicView.swift */ = {isa = PBXFileReference; lastKnownFileType = sourcecode.swift; path = TopicView.swift; sourceTree = "<group>"; };
		5D5316CC2A14074400545036 /* TopicViewModel.swift */ = {isa = PBXFileReference; lastKnownFileType = sourcecode.swift; path = TopicViewModel.swift; sourceTree = "<group>"; };
		5D5316CF2A1407B300545036 /* ApiManager.swift */ = {isa = PBXFileReference; lastKnownFileType = sourcecode.swift; path = ApiManager.swift; sourceTree = "<group>"; };
		5D5316D12A140A8C00545036 /* EndPoint.swift */ = {isa = PBXFileReference; lastKnownFileType = sourcecode.swift; path = EndPoint.swift; sourceTree = "<group>"; };
		5D5316D32A140B6A00545036 /* APIKey.swift */ = {isa = PBXFileReference; lastKnownFileType = sourcecode.swift; path = APIKey.swift; sourceTree = "<group>"; };
		5D5316D52A140D9300545036 /* APIError.swift */ = {isa = PBXFileReference; lastKnownFileType = sourcecode.swift; path = APIError.swift; sourceTree = "<group>"; };
		5D5316D92A141BBF00545036 /* TopicGridItemView.swift */ = {isa = PBXFileReference; lastKnownFileType = sourcecode.swift; path = TopicGridItemView.swift; sourceTree = "<group>"; };
		5D5316DB2A14C23900545036 /* Photo.swift */ = {isa = PBXFileReference; lastKnownFileType = sourcecode.swift; path = Photo.swift; sourceTree = "<group>"; };
		5D5316DD2A14C74500545036 /* PhotoViewModel.swift */ = {isa = PBXFileReference; lastKnownFileType = sourcecode.swift; path = PhotoViewModel.swift; sourceTree = "<group>"; };
		5D5316E12A14CE2F00545036 /* PhotosView.swift */ = {isa = PBXFileReference; lastKnownFileType = sourcecode.swift; path = PhotosView.swift; sourceTree = "<group>"; };
		5D5316E32A15178700545036 /* StaggeredPhotosView.swift */ = {isa = PBXFileReference; lastKnownFileType = sourcecode.swift; path = StaggeredPhotosView.swift; sourceTree = "<group>"; };
		5D5316E52A151BF300545036 /* PhotoTile.swift */ = {isa = PBXFileReference; lastKnownFileType = sourcecode.swift; path = PhotoTile.swift; sourceTree = "<group>"; };
		5D5316E92A1AC5C500545036 /* SearchPhotoView.swift */ = {isa = PBXFileReference; lastKnownFileType = sourcecode.swift; path = SearchPhotoView.swift; sourceTree = "<group>"; };
		5D5316EC2A1ACA2100545036 /* SearchPhotoViewModel.swift */ = {isa = PBXFileReference; lastKnownFileType = sourcecode.swift; path = SearchPhotoViewModel.swift; sourceTree = "<group>"; };
		5D5316EF2A1AD46E00545036 /* SearchPhotoModel.swift */ = {isa = PBXFileReference; lastKnownFileType = sourcecode.swift; path = SearchPhotoModel.swift; sourceTree = "<group>"; };
		5D5316F32A1B64A800545036 /* PhotoDetailView.swift */ = {isa = PBXFileReference; lastKnownFileType = sourcecode.swift; path = PhotoDetailView.swift; sourceTree = "<group>"; };
		5D5316F62A1B64C100545036 /* PhotoDetailViewModel.swift */ = {isa = PBXFileReference; lastKnownFileType = sourcecode.swift; path = PhotoDetailViewModel.swift; sourceTree = "<group>"; };
		5D5316F92A1B698700545036 /* BounceButton+ViewModifier.swift */ = {isa = PBXFileReference; lastKnownFileType = sourcecode.swift; path = "BounceButton+ViewModifier.swift"; sourceTree = "<group>"; };
		5D5316FB2A1B6C4400545036 /* LoadingView.swift */ = {isa = PBXFileReference; lastKnownFileType = sourcecode.swift; path = LoadingView.swift; sourceTree = "<group>"; };
		5D5316FD2A1BB25900545036 /* ErrorImageView.swift */ = {isa = PBXFileReference; lastKnownFileType = sourcecode.swift; path = ErrorImageView.swift; sourceTree = "<group>"; };
		5D5317022A1BEB6B00545036 /* ImageSaverInAlbum.swift */ = {isa = PBXFileReference; lastKnownFileType = sourcecode.swift; path = ImageSaverInAlbum.swift; sourceTree = "<group>"; };
		5D5317042A1C018E00545036 /* JSONLoader.swift */ = {isa = PBXFileReference; lastKnownFileType = sourcecode.swift; path = JSONLoader.swift; sourceTree = "<group>"; };
		5D5317062A1C01E100545036 /* dummy.json */ = {isa = PBXFileReference; lastKnownFileType = text.json; path = dummy.json; sourceTree = "<group>"; };
/* End PBXFileReference section */

/* Begin PBXFrameworksBuildPhase section */
		5D5316942A14039000545036 /* Frameworks */ = {
			isa = PBXFrameworksBuildPhase;
			buildActionMask = 2147483647;
			files = (
			);
			runOnlyForDeploymentPostprocessing = 0;
		};
		5D5316A42A14039200545036 /* Frameworks */ = {
			isa = PBXFrameworksBuildPhase;
			buildActionMask = 2147483647;
			files = (
			);
			runOnlyForDeploymentPostprocessing = 0;
		};
		5D5316AE2A14039200545036 /* Frameworks */ = {
			isa = PBXFrameworksBuildPhase;
			buildActionMask = 2147483647;
			files = (
			);
			runOnlyForDeploymentPostprocessing = 0;
		};
/* End PBXFrameworksBuildPhase section */

/* Begin PBXGroup section */
		5D53168E2A14039000545036 = {
			isa = PBXGroup;
			children = (
				5D5316992A14039000545036 /* UnsplashImageapp */,
				5D5316AA2A14039200545036 /* UnsplashImageappTests */,
				5D5316B42A14039200545036 /* UnsplashImageappUITests */,
				5D5316982A14039000545036 /* Products */,
			);
			sourceTree = "<group>";
		};
		5D5316982A14039000545036 /* Products */ = {
			isa = PBXGroup;
			children = (
				5D5316972A14039000545036 /* UnsplashImageapp.app */,
				5D5316A72A14039200545036 /* UnsplashImageappTests.xctest */,
				5D5316B12A14039200545036 /* UnsplashImageappUITests.xctest */,
			);
			name = Products;
			sourceTree = "<group>";
		};
		5D5316992A14039000545036 /* UnsplashImageapp */ = {
			isa = PBXGroup;
			children = (
				5D5316F82A1B697100545036 /* Helper */,
				5D5316F12A1B649600545036 /* PhotoDetail */,
				5D5316E72A1AC5B300545036 /* Search */,
				5D5316CE2A1407A900545036 /* Service */,
				5D5316C52A1405DC00545036 /* Home */,
				5D53169A2A14039000545036 /* UnsplashImageappApp.swift */,
				5D53169E2A14039200545036 /* Assets.xcassets */,
				5D5316A02A14039200545036 /* Preview Content */,
			);
			path = UnsplashImageapp;
			sourceTree = "<group>";
		};
		5D5316A02A14039200545036 /* Preview Content */ = {
			isa = PBXGroup;
			children = (
				5D5316A12A14039200545036 /* Preview Assets.xcassets */,
			);
			path = "Preview Content";
			sourceTree = "<group>";
		};
		5D5316AA2A14039200545036 /* UnsplashImageappTests */ = {
			isa = PBXGroup;
			children = (
				5D5316AB2A14039200545036 /* UnsplashImageappTests.swift */,
			);
			path = UnsplashImageappTests;
			sourceTree = "<group>";
		};
		5D5316B42A14039200545036 /* UnsplashImageappUITests */ = {
			isa = PBXGroup;
			children = (
				5D5316B52A14039200545036 /* UnsplashImageappUITests.swift */,
				5D5316B72A14039200545036 /* UnsplashImageappUITestsLaunchTests.swift */,
			);
			path = UnsplashImageappUITests;
			sourceTree = "<group>";
		};
		5D5316C42A14044A00545036 /* View */ = {
			isa = PBXGroup;
			children = (
				5D53169C2A14039000545036 /* HomeView.swift */,
				5D5316C92A14072800545036 /* TopicView.swift */,
				5D5316D92A141BBF00545036 /* TopicGridItemView.swift */,
				5D5316E12A14CE2F00545036 /* PhotosView.swift */,
				5D5316E32A15178700545036 /* StaggeredPhotosView.swift */,
				5D5316E52A151BF300545036 /* PhotoTile.swift */,
			);
			path = View;
			sourceTree = "<group>";
		};
		5D5316C52A1405DC00545036 /* Home */ = {
			isa = PBXGroup;
			children = (
				5D5316CB2A14073900545036 /* ViewModel */,
				5D5316C62A1405F600545036 /* Model */,
				5D5316C42A14044A00545036 /* View */,
			);
			path = Home;
			sourceTree = "<group>";
		};
		5D5316C62A1405F600545036 /* Model */ = {
			isa = PBXGroup;
			children = (
				5D5316C72A14060300545036 /* TopicModel.swift */,
				5D5316DB2A14C23900545036 /* Photo.swift */,
			);
			path = Model;
			sourceTree = "<group>";
		};
		5D5316CB2A14073900545036 /* ViewModel */ = {
			isa = PBXGroup;
			children = (
				5D5316CC2A14074400545036 /* TopicViewModel.swift */,
				5D5316DD2A14C74500545036 /* PhotoViewModel.swift */,
			);
			path = ViewModel;
			sourceTree = "<group>";
		};
		5D5316CE2A1407A900545036 /* Service */ = {
			isa = PBXGroup;
			children = (
				5D5316CF2A1407B300545036 /* ApiManager.swift */,
				5D5316D12A140A8C00545036 /* EndPoint.swift */,
				5D5316D32A140B6A00545036 /* APIKey.swift */,
				5D5316D52A140D9300545036 /* APIError.swift */,
			);
			path = Service;
			sourceTree = "<group>";
		};
		5D5316E72A1AC5B300545036 /* Search */ = {
			isa = PBXGroup;
			children = (
				5D5316EE2A1AD46300545036 /* Model */,
				5D5316EB2A1ACA1300545036 /* ViewModel */,
				5D5316E82A1AC5BC00545036 /* View */,
			);
			path = Search;
			sourceTree = "<group>";
		};
		5D5316E82A1AC5BC00545036 /* View */ = {
			isa = PBXGroup;
			children = (
				5D5316E92A1AC5C500545036 /* SearchPhotoView.swift */,
			);
			path = View;
			sourceTree = "<group>";
		};
		5D5316EB2A1ACA1300545036 /* ViewModel */ = {
			isa = PBXGroup;
			children = (
				5D5316EC2A1ACA2100545036 /* SearchPhotoViewModel.swift */,
			);
			path = ViewModel;
			sourceTree = "<group>";
		};
		5D5316EE2A1AD46300545036 /* Model */ = {
			isa = PBXGroup;
			children = (
				5D5316EF2A1AD46E00545036 /* SearchPhotoModel.swift */,
			);
			path = Model;
			sourceTree = "<group>";
		};
		5D5316F12A1B649600545036 /* PhotoDetail */ = {
			isa = PBXGroup;
			children = (
				5D5316F52A1B64B800545036 /* ViewModel */,
				5D5316F22A1B649F00545036 /* View */,
			);
			path = PhotoDetail;
			sourceTree = "<group>";
		};
		5D5316F22A1B649F00545036 /* View */ = {
			isa = PBXGroup;
			children = (
				5D5316F32A1B64A800545036 /* PhotoDetailView.swift */,
			);
			path = View;
			sourceTree = "<group>";
		};
		5D5316F52A1B64B800545036 /* ViewModel */ = {
			isa = PBXGroup;
			children = (
				5D5316F62A1B64C100545036 /* PhotoDetailViewModel.swift */,
			);
			path = ViewModel;
			sourceTree = "<group>";
		};
		5D5316F82A1B697100545036 /* Helper */ = {
			isa = PBXGroup;
			children = (
				5D5316F92A1B698700545036 /* BounceButton+ViewModifier.swift */,
				5D5316FB2A1B6C4400545036 /* LoadingView.swift */,
				5D5316FD2A1BB25900545036 /* ErrorImageView.swift */,
				5D5317022A1BEB6B00545036 /* ImageSaverInAlbum.swift */,
				5D5317042A1C018E00545036 /* JSONLoader.swift */,
				5D5317062A1C01E100545036 /* dummy.json */,
			);
			path = Helper;
			sourceTree = "<group>";
		};
/* End PBXGroup section */

/* Begin PBXNativeTarget section */
		5D5316962A14039000545036 /* UnsplashImageapp */ = {
			isa = PBXNativeTarget;
			buildConfigurationList = 5D5316BB2A14039200545036 /* Build configuration list for PBXNativeTarget "UnsplashImageapp" */;
			buildPhases = (
				5D5316932A14039000545036 /* Sources */,
				5D5316942A14039000545036 /* Frameworks */,
				5D5316952A14039000545036 /* Resources */,
			);
			buildRules = (
			);
			dependencies = (
			);
			name = UnsplashImageapp;
			productName = UnsplashImageapp;
			productReference = 5D5316972A14039000545036 /* UnsplashImageapp.app */;
			productType = "com.apple.product-type.application";
		};
		5D5316A62A14039200545036 /* UnsplashImageappTests */ = {
			isa = PBXNativeTarget;
			buildConfigurationList = 5D5316BE2A14039200545036 /* Build configuration list for PBXNativeTarget "UnsplashImageappTests" */;
			buildPhases = (
				5D5316A32A14039200545036 /* Sources */,
				5D5316A42A14039200545036 /* Frameworks */,
				5D5316A52A14039200545036 /* Resources */,
			);
			buildRules = (
			);
			dependencies = (
				5D5316A92A14039200545036 /* PBXTargetDependency */,
			);
			name = UnsplashImageappTests;
			productName = UnsplashImageappTests;
			productReference = 5D5316A72A14039200545036 /* UnsplashImageappTests.xctest */;
			productType = "com.apple.product-type.bundle.unit-test";
		};
		5D5316B02A14039200545036 /* UnsplashImageappUITests */ = {
			isa = PBXNativeTarget;
			buildConfigurationList = 5D5316C12A14039200545036 /* Build configuration list for PBXNativeTarget "UnsplashImageappUITests" */;
			buildPhases = (
				5D5316AD2A14039200545036 /* Sources */,
				5D5316AE2A14039200545036 /* Frameworks */,
				5D5316AF2A14039200545036 /* Resources */,
			);
			buildRules = (
			);
			dependencies = (
				5D5316B32A14039200545036 /* PBXTargetDependency */,
			);
			name = UnsplashImageappUITests;
			productName = UnsplashImageappUITests;
			productReference = 5D5316B12A14039200545036 /* UnsplashImageappUITests.xctest */;
			productType = "com.apple.product-type.bundle.ui-testing";
		};
/* End PBXNativeTarget section */

/* Begin PBXProject section */
		5D53168F2A14039000545036 /* Project object */ = {
			isa = PBXProject;
			attributes = {
				BuildIndependentTargetsInParallel = 1;
				LastSwiftUpdateCheck = 1430;
				LastUpgradeCheck = 1430;
				TargetAttributes = {
					5D5316962A14039000545036 = {
						CreatedOnToolsVersion = 14.3;
					};
					5D5316A62A14039200545036 = {
						CreatedOnToolsVersion = 14.3;
						TestTargetID = 5D5316962A14039000545036;
					};
					5D5316B02A14039200545036 = {
						CreatedOnToolsVersion = 14.3;
						TestTargetID = 5D5316962A14039000545036;
					};
				};
			};
			buildConfigurationList = 5D5316922A14039000545036 /* Build configuration list for PBXProject "UnsplashImageapp" */;
			compatibilityVersion = "Xcode 14.0";
			developmentRegion = en;
			hasScannedForEncodings = 0;
			knownRegions = (
				en,
				Base,
			);
			mainGroup = 5D53168E2A14039000545036;
			productRefGroup = 5D5316982A14039000545036 /* Products */;
			projectDirPath = "";
			projectRoot = "";
			targets = (
				5D5316962A14039000545036 /* UnsplashImageapp */,
				5D5316A62A14039200545036 /* UnsplashImageappTests */,
				5D5316B02A14039200545036 /* UnsplashImageappUITests */,
			);
		};
/* End PBXProject section */

/* Begin PBXResourcesBuildPhase section */
		5D5316952A14039000545036 /* Resources */ = {
			isa = PBXResourcesBuildPhase;
			buildActionMask = 2147483647;
			files = (
				5D5316A22A14039200545036 /* Preview Assets.xcassets in Resources */,
				5D53169F2A14039200545036 /* Assets.xcassets in Resources */,
				5D5317072A1C01E100545036 /* dummy.json in Resources */,
			);
			runOnlyForDeploymentPostprocessing = 0;
		};
		5D5316A52A14039200545036 /* Resources */ = {
			isa = PBXResourcesBuildPhase;
			buildActionMask = 2147483647;
			files = (
			);
			runOnlyForDeploymentPostprocessing = 0;
		};
		5D5316AF2A14039200545036 /* Resources */ = {
			isa = PBXResourcesBuildPhase;
			buildActionMask = 2147483647;
			files = (
			);
			runOnlyForDeploymentPostprocessing = 0;
		};
/* End PBXResourcesBuildPhase section */

/* Begin PBXSourcesBuildPhase section */
		5D5316932A14039000545036 /* Sources */ = {
			isa = PBXSourcesBuildPhase;
			buildActionMask = 2147483647;
			files = (
				5D5316CA2A14072800545036 /* TopicView.swift in Sources */,
				5D5316DE2A14C74500545036 /* PhotoViewModel.swift in Sources */,
				5D5316E62A151BF300545036 /* PhotoTile.swift in Sources */,
				5D5316FE2A1BB25900545036 /* ErrorImageView.swift in Sources */,
				5D5316E42A15178700545036 /* StaggeredPhotosView.swift in Sources */,
				5D53169D2A14039000545036 /* HomeView.swift in Sources */,
				5D5317032A1BEB6B00545036 /* ImageSaverInAlbum.swift in Sources */,
				5D5316D42A140B6A00545036 /* APIKey.swift in Sources */,
				5D5316ED2A1ACA2100545036 /* SearchPhotoViewModel.swift in Sources */,
				5D5316DA2A141BBF00545036 /* TopicGridItemView.swift in Sources */,
				5D5317052A1C018E00545036 /* JSONLoader.swift in Sources */,
				5D5316F02A1AD46E00545036 /* SearchPhotoModel.swift in Sources */,
				5D53169B2A14039000545036 /* UnsplashImageappApp.swift in Sources */,
				5D5316FA2A1B698700545036 /* BounceButton+ViewModifier.swift in Sources */,
				5D5316E22A14CE2F00545036 /* PhotosView.swift in Sources */,
				5D5316C82A14060300545036 /* TopicModel.swift in Sources */,
				5D5316D02A1407B300545036 /* ApiManager.swift in Sources */,
				5D5316DC2A14C23900545036 /* Photo.swift in Sources */,
				5D5316F72A1B64C100545036 /* PhotoDetailViewModel.swift in Sources */,
				5D5316EA2A1AC5C500545036 /* SearchPhotoView.swift in Sources */,
				5D5316D22A140A8C00545036 /* EndPoint.swift in Sources */,
				5D5316CD2A14074400545036 /* TopicViewModel.swift in Sources */,
				5D5316D62A140D9300545036 /* APIError.swift in Sources */,
				5D5316F42A1B64A800545036 /* PhotoDetailView.swift in Sources */,
				5D5316FC2A1B6C4400545036 /* LoadingView.swift in Sources */,
			);
			runOnlyForDeploymentPostprocessing = 0;
		};
		5D5316A32A14039200545036 /* Sources */ = {
			isa = PBXSourcesBuildPhase;
			buildActionMask = 2147483647;
			files = (
				5D5316AC2A14039200545036 /* UnsplashImageappTests.swift in Sources */,
			);
			runOnlyForDeploymentPostprocessing = 0;
		};
		5D5316AD2A14039200545036 /* Sources */ = {
			isa = PBXSourcesBuildPhase;
			buildActionMask = 2147483647;
			files = (
				5D5316B82A14039200545036 /* UnsplashImageappUITestsLaunchTests.swift in Sources */,
				5D5316B62A14039200545036 /* UnsplashImageappUITests.swift in Sources */,
			);
			runOnlyForDeploymentPostprocessing = 0;
		};
/* End PBXSourcesBuildPhase section */

/* Begin PBXTargetDependency section */
		5D5316A92A14039200545036 /* PBXTargetDependency */ = {
			isa = PBXTargetDependency;
			target = 5D5316962A14039000545036 /* UnsplashImageapp */;
			targetProxy = 5D5316A82A14039200545036 /* PBXContainerItemProxy */;
		};
		5D5316B32A14039200545036 /* PBXTargetDependency */ = {
			isa = PBXTargetDependency;
			target = 5D5316962A14039000545036 /* UnsplashImageapp */;
			targetProxy = 5D5316B22A14039200545036 /* PBXContainerItemProxy */;
		};
/* End PBXTargetDependency section */

/* Begin XCBuildConfiguration section */
		5D5316B92A14039200545036 /* Debug */ = {
			isa = XCBuildConfiguration;
			buildSettings = {
				ALWAYS_SEARCH_USER_PATHS = NO;
				CLANG_ANALYZER_NONNULL = YES;
				CLANG_ANALYZER_NUMBER_OBJECT_CONVERSION = YES_AGGRESSIVE;
				CLANG_CXX_LANGUAGE_STANDARD = "gnu++20";
				CLANG_ENABLE_MODULES = YES;
				CLANG_ENABLE_OBJC_ARC = YES;
				CLANG_ENABLE_OBJC_WEAK = YES;
				CLANG_WARN_BLOCK_CAPTURE_AUTORELEASING = YES;
				CLANG_WARN_BOOL_CONVERSION = YES;
				CLANG_WARN_COMMA = YES;
				CLANG_WARN_CONSTANT_CONVERSION = YES;
				CLANG_WARN_DEPRECATED_OBJC_IMPLEMENTATIONS = YES;
				CLANG_WARN_DIRECT_OBJC_ISA_USAGE = YES_ERROR;
				CLANG_WARN_DOCUMENTATION_COMMENTS = YES;
				CLANG_WARN_EMPTY_BODY = YES;
				CLANG_WARN_ENUM_CONVERSION = YES;
				CLANG_WARN_INFINITE_RECURSION = YES;
				CLANG_WARN_INT_CONVERSION = YES;
				CLANG_WARN_NON_LITERAL_NULL_CONVERSION = YES;
				CLANG_WARN_OBJC_IMPLICIT_RETAIN_SELF = YES;
				CLANG_WARN_OBJC_LITERAL_CONVERSION = YES;
				CLANG_WARN_OBJC_ROOT_CLASS = YES_ERROR;
				CLANG_WARN_QUOTED_INCLUDE_IN_FRAMEWORK_HEADER = YES;
				CLANG_WARN_RANGE_LOOP_ANALYSIS = YES;
				CLANG_WARN_STRICT_PROTOTYPES = YES;
				CLANG_WARN_SUSPICIOUS_MOVE = YES;
				CLANG_WARN_UNGUARDED_AVAILABILITY = YES_AGGRESSIVE;
				CLANG_WARN_UNREACHABLE_CODE = YES;
				CLANG_WARN__DUPLICATE_METHOD_MATCH = YES;
				COPY_PHASE_STRIP = NO;
				DEBUG_INFORMATION_FORMAT = dwarf;
				ENABLE_STRICT_OBJC_MSGSEND = YES;
				ENABLE_TESTABILITY = YES;
				GCC_C_LANGUAGE_STANDARD = gnu11;
				GCC_DYNAMIC_NO_PIC = NO;
				GCC_NO_COMMON_BLOCKS = YES;
				GCC_OPTIMIZATION_LEVEL = 0;
				GCC_PREPROCESSOR_DEFINITIONS = (
					"DEBUG=1",
					"$(inherited)",
				);
				GCC_WARN_64_TO_32_BIT_CONVERSION = YES;
				GCC_WARN_ABOUT_RETURN_TYPE = YES_ERROR;
				GCC_WARN_UNDECLARED_SELECTOR = YES;
				GCC_WARN_UNINITIALIZED_AUTOS = YES_AGGRESSIVE;
				GCC_WARN_UNUSED_FUNCTION = YES;
				GCC_WARN_UNUSED_VARIABLE = YES;
				IPHONEOS_DEPLOYMENT_TARGET = 16.2;
				MTL_ENABLE_DEBUG_INFO = INCLUDE_SOURCE;
				MTL_FAST_MATH = YES;
				ONLY_ACTIVE_ARCH = YES;
				SDKROOT = iphoneos;
				SWIFT_ACTIVE_COMPILATION_CONDITIONS = DEBUG;
				SWIFT_OPTIMIZATION_LEVEL = "-Onone";
			};
			name = Debug;
		};
		5D5316BA2A14039200545036 /* Release */ = {
			isa = XCBuildConfiguration;
			buildSettings = {
				ALWAYS_SEARCH_USER_PATHS = NO;
				CLANG_ANALYZER_NONNULL = YES;
				CLANG_ANALYZER_NUMBER_OBJECT_CONVERSION = YES_AGGRESSIVE;
				CLANG_CXX_LANGUAGE_STANDARD = "gnu++20";
				CLANG_ENABLE_MODULES = YES;
				CLANG_ENABLE_OBJC_ARC = YES;
				CLANG_ENABLE_OBJC_WEAK = YES;
				CLANG_WARN_BLOCK_CAPTURE_AUTORELEASING = YES;
				CLANG_WARN_BOOL_CONVERSION = YES;
				CLANG_WARN_COMMA = YES;
				CLANG_WARN_CONSTANT_CONVERSION = YES;
				CLANG_WARN_DEPRECATED_OBJC_IMPLEMENTATIONS = YES;
				CLANG_WARN_DIRECT_OBJC_ISA_USAGE = YES_ERROR;
				CLANG_WARN_DOCUMENTATION_COMMENTS = YES;
				CLANG_WARN_EMPTY_BODY = YES;
				CLANG_WARN_ENUM_CONVERSION = YES;
				CLANG_WARN_INFINITE_RECURSION = YES;
				CLANG_WARN_INT_CONVERSION = YES;
				CLANG_WARN_NON_LITERAL_NULL_CONVERSION = YES;
				CLANG_WARN_OBJC_IMPLICIT_RETAIN_SELF = YES;
				CLANG_WARN_OBJC_LITERAL_CONVERSION = YES;
				CLANG_WARN_OBJC_ROOT_CLASS = YES_ERROR;
				CLANG_WARN_QUOTED_INCLUDE_IN_FRAMEWORK_HEADER = YES;
				CLANG_WARN_RANGE_LOOP_ANALYSIS = YES;
				CLANG_WARN_STRICT_PROTOTYPES = YES;
				CLANG_WARN_SUSPICIOUS_MOVE = YES;
				CLANG_WARN_UNGUARDED_AVAILABILITY = YES_AGGRESSIVE;
				CLANG_WARN_UNREACHABLE_CODE = YES;
				CLANG_WARN__DUPLICATE_METHOD_MATCH = YES;
				COPY_PHASE_STRIP = NO;
				DEBUG_INFORMATION_FORMAT = "dwarf-with-dsym";
				ENABLE_NS_ASSERTIONS = NO;
				ENABLE_STRICT_OBJC_MSGSEND = YES;
				GCC_C_LANGUAGE_STANDARD = gnu11;
				GCC_NO_COMMON_BLOCKS = YES;
				GCC_WARN_64_TO_32_BIT_CONVERSION = YES;
				GCC_WARN_ABOUT_RETURN_TYPE = YES_ERROR;
				GCC_WARN_UNDECLARED_SELECTOR = YES;
				GCC_WARN_UNINITIALIZED_AUTOS = YES_AGGRESSIVE;
				GCC_WARN_UNUSED_FUNCTION = YES;
				GCC_WARN_UNUSED_VARIABLE = YES;
				IPHONEOS_DEPLOYMENT_TARGET = 16.2;
				MTL_ENABLE_DEBUG_INFO = NO;
				MTL_FAST_MATH = YES;
				SDKROOT = iphoneos;
				SWIFT_COMPILATION_MODE = wholemodule;
				SWIFT_OPTIMIZATION_LEVEL = "-O";
				VALIDATE_PRODUCT = YES;
			};
			name = Release;
		};
		5D5316BC2A14039200545036 /* Debug */ = {
			isa = XCBuildConfiguration;
			buildSettings = {
				ASSETCATALOG_COMPILER_APPICON_NAME = AppIcon;
				ASSETCATALOG_COMPILER_GLOBAL_ACCENT_COLOR_NAME = AccentColor;
				CODE_SIGN_IDENTITY = "Apple Development";
				CODE_SIGN_STYLE = Automatic;
				CURRENT_PROJECT_VERSION = 1;
				DEVELOPMENT_ASSET_PATHS = "\"UnsplashImageapp/Preview Content\"";
				DEVELOPMENT_TEAM = 5DR5YYJ2CC;
				ENABLE_PREVIEWS = YES;
				GENERATE_INFOPLIST_FILE = YES;
				INFOPLIST_KEY_NSPhotoLibraryAddUsageDescription = "Save image into photo album";
				INFOPLIST_KEY_UIApplicationSceneManifest_Generation = YES;
				INFOPLIST_KEY_UIApplicationSupportsIndirectInputEvents = YES;
				INFOPLIST_KEY_UILaunchScreen_Generation = YES;
				INFOPLIST_KEY_UISupportedInterfaceOrientations_iPad = "UIInterfaceOrientationPortrait UIInterfaceOrientationPortraitUpsideDown UIInterfaceOrientationLandscapeLeft UIInterfaceOrientationLandscapeRight";
				INFOPLIST_KEY_UISupportedInterfaceOrientations_iPhone = "UIInterfaceOrientationPortrait UIInterfaceOrientationLandscapeLeft UIInterfaceOrientationLandscapeRight";
				LD_RUNPATH_SEARCH_PATHS = (
					"$(inherited)",
					"@executable_path/Frameworks",
				);
				MARKETING_VERSION = 1.0;
				PRODUCT_BUNDLE_IDENTIFIER = com.schwarz.digitalTwin;
				PRODUCT_NAME = "$(TARGET_NAME)";
				PROVISIONING_PROFILE_SPECIFIER = "";
				SWIFT_EMIT_LOC_STRINGS = YES;
				SWIFT_VERSION = 5.0;
				TARGETED_DEVICE_FAMILY = "1,2";
			};
			name = Debug;
		};
		5D5316BD2A14039200545036 /* Release */ = {
			isa = XCBuildConfiguration;
			buildSettings = {
				ASSETCATALOG_COMPILER_APPICON_NAME = AppIcon;
				ASSETCATALOG_COMPILER_GLOBAL_ACCENT_COLOR_NAME = AccentColor;
				CODE_SIGN_IDENTITY = "Apple Development";
				CODE_SIGN_STYLE = Automatic;
				CURRENT_PROJECT_VERSION = 1;
				DEVELOPMENT_ASSET_PATHS = "\"UnsplashImageapp/Preview Content\"";
				DEVELOPMENT_TEAM = 5DR5YYJ2CC;
				ENABLE_PREVIEWS = YES;
				GENERATE_INFOPLIST_FILE = YES;
				INFOPLIST_KEY_NSPhotoLibraryAddUsageDescription = "Save image into photo album";
				INFOPLIST_KEY_UIApplicationSceneManifest_Generation = YES;
				INFOPLIST_KEY_UIApplicationSupportsIndirectInputEvents = YES;
				INFOPLIST_KEY_UILaunchScreen_Generation = YES;
				INFOPLIST_KEY_UISupportedInterfaceOrientations_iPad = "UIInterfaceOrientationPortrait UIInterfaceOrientationPortraitUpsideDown UIInterfaceOrientationLandscapeLeft UIInterfaceOrientationLandscapeRight";
				INFOPLIST_KEY_UISupportedInterfaceOrientations_iPhone = "UIInterfaceOrientationPortrait UIInterfaceOrientationLandscapeLeft UIInterfaceOrientationLandscapeRight";
				LD_RUNPATH_SEARCH_PATHS = (
					"$(inherited)",
					"@executable_path/Frameworks",
				);
				MARKETING_VERSION = 1.0;
				PRODUCT_BUNDLE_IDENTIFIER = com.schwarz.digitalTwin;
				PRODUCT_NAME = "$(TARGET_NAME)";
				PROVISIONING_PROFILE_SPECIFIER = "";
				SWIFT_EMIT_LOC_STRINGS = YES;
				SWIFT_VERSION = 5.0;
				TARGETED_DEVICE_FAMILY = "1,2";
			};
			name = Release;
		};
		5D5316BF2A14039200545036 /* Debug */ = {
			isa = XCBuildConfiguration;
			buildSettings = {
				ALWAYS_EMBED_SWIFT_STANDARD_LIBRARIES = YES;
				BUNDLE_LOADER = "$(TEST_HOST)";
				CODE_SIGN_STYLE = Automatic;
				CURRENT_PROJECT_VERSION = 1;
				GENERATE_INFOPLIST_FILE = YES;
				IPHONEOS_DEPLOYMENT_TARGET = 16.4;
				MARKETING_VERSION = 1.0;
				PRODUCT_BUNDLE_IDENTIFIER = com.learning.unsplash.UnsplashImageappTests;
				PRODUCT_NAME = "$(TARGET_NAME)";
				SWIFT_EMIT_LOC_STRINGS = NO;
				SWIFT_VERSION = 5.0;
				TARGETED_DEVICE_FAMILY = "1,2";
				TEST_HOST = "$(BUILT_PRODUCTS_DIR)/UnsplashImageapp.app/$(BUNDLE_EXECUTABLE_FOLDER_PATH)/UnsplashImageapp";
			};
			name = Debug;
		};
		5D5316C02A14039200545036 /* Release */ = {
			isa = XCBuildConfiguration;
			buildSettings = {
				ALWAYS_EMBED_SWIFT_STANDARD_LIBRARIES = YES;
				BUNDLE_LOADER = "$(TEST_HOST)";
				CODE_SIGN_STYLE = Automatic;
				CURRENT_PROJECT_VERSION = 1;
				GENERATE_INFOPLIST_FILE = YES;
				IPHONEOS_DEPLOYMENT_TARGET = 16.4;
				MARKETING_VERSION = 1.0;
				PRODUCT_BUNDLE_IDENTIFIER = com.learning.unsplash.UnsplashImageappTests;
				PRODUCT_NAME = "$(TARGET_NAME)";
				SWIFT_EMIT_LOC_STRINGS = NO;
				SWIFT_VERSION = 5.0;
				TARGETED_DEVICE_FAMILY = "1,2";
				TEST_HOST = "$(BUILT_PRODUCTS_DIR)/UnsplashImageapp.app/$(BUNDLE_EXECUTABLE_FOLDER_PATH)/UnsplashImageapp";
			};
			name = Release;
		};
		5D5316C22A14039200545036 /* Debug */ = {
			isa = XCBuildConfiguration;
			buildSettings = {
				ALWAYS_EMBED_SWIFT_STANDARD_LIBRARIES = YES;
				CODE_SIGN_STYLE = Automatic;
				CURRENT_PROJECT_VERSION = 1;
				GENERATE_INFOPLIST_FILE = YES;
				MARKETING_VERSION = 1.0;
				PRODUCT_BUNDLE_IDENTIFIER = com.learning.unsplash.UnsplashImageappUITests;
				PRODUCT_NAME = "$(TARGET_NAME)";
				SWIFT_EMIT_LOC_STRINGS = NO;
				SWIFT_VERSION = 5.0;
				TARGETED_DEVICE_FAMILY = "1,2";
				TEST_TARGET_NAME = UnsplashImageapp;
			};
			name = Debug;
		};
		5D5316C32A14039200545036 /* Release */ = {
			isa = XCBuildConfiguration;
			buildSettings = {
				ALWAYS_EMBED_SWIFT_STANDARD_LIBRARIES = YES;
				CODE_SIGN_STYLE = Automatic;
				CURRENT_PROJECT_VERSION = 1;
				GENERATE_INFOPLIST_FILE = YES;
				MARKETING_VERSION = 1.0;
				PRODUCT_BUNDLE_IDENTIFIER = com.learning.unsplash.UnsplashImageappUITests;
				PRODUCT_NAME = "$(TARGET_NAME)";
				SWIFT_EMIT_LOC_STRINGS = NO;
				SWIFT_VERSION = 5.0;
				TARGETED_DEVICE_FAMILY = "1,2";
				TEST_TARGET_NAME = UnsplashImageapp;
			};
			name = Release;
		};
/* End XCBuildConfiguration section */

/* Begin XCConfigurationList section */
		5D5316922A14039000545036 /* Build configuration list for PBXProject "UnsplashImageapp" */ = {
			isa = XCConfigurationList;
			buildConfigurations = (
				5D5316B92A14039200545036 /* Debug */,
				5D5316BA2A14039200545036 /* Release */,
			);
			defaultConfigurationIsVisible = 0;
			defaultConfigurationName = Release;
		};
		5D5316BB2A14039200545036 /* Build configuration list for PBXNativeTarget "UnsplashImageapp" */ = {
			isa = XCConfigurationList;
			buildConfigurations = (
				5D5316BC2A14039200545036 /* Debug */,
				5D5316BD2A14039200545036 /* Release */,
			);
			defaultConfigurationIsVisible = 0;
			defaultConfigurationName = Release;
		};
		5D5316BE2A14039200545036 /* Build configuration list for PBXNativeTarget "UnsplashImageappTests" */ = {
			isa = XCConfigurationList;
			buildConfigurations = (
				5D5316BF2A14039200545036 /* Debug */,
				5D5316C02A14039200545036 /* Release */,
			);
			defaultConfigurationIsVisible = 0;
			defaultConfigurationName = Release;
		};
		5D5316C12A14039200545036 /* Build configuration list for PBXNativeTarget "UnsplashImageappUITests" */ = {
			isa = XCConfigurationList;
			buildConfigurations = (
				5D5316C22A14039200545036 /* Debug */,
				5D5316C32A14039200545036 /* Release */,
			);
			defaultConfigurationIsVisible = 0;
			defaultConfigurationName = Release;
		};
/* End XCConfigurationList section */
	};
	rootObject = 5D53168F2A14039000545036 /* Project object */;
}
